
Microsoft Visual Studio Solution File, Format Version 12.00
# Visual Studio Version 17
VisualStudioVersion = 17.0.31912.275
MinimumVisualStudioVersion = 10.0.40219.1
Project("{FAE04EC0-301F-11D3-BF4B-00C04F79EFBC}") = "Storage", "Storage\Storage.csproj", "{7404E6DF-E0D5-4539-8290-E13217208491}"
EndProject
Global
	GlobalSection(SolutionConfigurationPlatforms) = preSolution
		Debug|Any CPU = Debug|Any CPU
		Release|Any CPU = Release|Any CPU
	EndGlobalSection
	GlobalSection(ProjectConfigurationPlatforms) = postSolution
		{7404E6DF-E0D5-4539-8290-E13217208491}.Debug|Any CPU.ActiveCfg = Debug|Any CPU
		{7404E6DF-E0D5-4539-8290-E13217208491}.Debug|Any CPU.Build.0 = Debug|Any CPU
		{7404E6DF-E0D5-4539-8290-E13217208491}.Release|Any CPU.ActiveCfg = Release|Any CPU
		{7404E6DF-E0D5-4539-8290-E13217208491}.Release|Any CPU.Build.0 = Release|Any CPU
	EndGlobalSection
	GlobalSection(SolutionProperties) = preSolution
		HideSolutionNode = FALSE
	EndGlobalSection
	GlobalSection(ExtensibilityGlobals) = postSolution
		SolutionGuid = {44563DC5-868F-404D-8EC4-29C744BBF2E6}
	EndGlobalSection
EndGlobal
